# generated by rye
# use `rye lock` or `rye sync` to update this lockfile
#
# last locked with the following flags:
#   pre: false
#   features: []
#   all-features: false

-e file:.
appdirs==1.4.4
capstone==4.0.2
certifi==2023.11.17
cffi==1.16.0
charset-normalizer==3.3.2
cmsis-pack-manager==0.5.3
colorama==0.4.6
hidapi==0.14.0
idna==3.4
importlib-metadata==6.8.0
importlib-resources==6.1.1
intelhex==2.3.0
intervaltree==3.1.0
lark==1.1.8
libusb-package==1.0.26.2
natsort==8.4.0
prettytable==3.9.0
psutil==5.9.6
pycparser==2.21
pyelftools==0.30
pylink-square==1.2.0
pyocd==0.36.0
pyusb==1.2.1
pyyaml==6.0.1
requests==2.31.0
six==1.16.0
sortedcontainers==2.4.0
typing-extensions==4.8.0
urllib3==2.1.0
wcwidth==0.2.12
zipp==3.17.0
# The following packages are considered to be unsafe in a requirements file:
setuptools==69.0.2
